
Microsoft Visual Studio Solution File, Format Version 12.00
# Visual Studio Version 17
VisualStudioVersion = 17.7.34031.279
MinimumVisualStudioVersion = 10.0.40219.1
Project("{9A19103F-16F7-4668-BE54-9A1E7A4F7556}") = "homewor 14 net", "homewor 14 net.csproj", "{93F33F96-55BF-4CC2-9344-407DF342ECA8}"
EndProject
Project("{FAE04EC0-301F-11D3-BF4B-00C04F79EFBC}") = "ConsoleApp2", "..\ConsoleApp2\ConsoleApp2.csproj", "{E004F4C5-DAE4-4CC8-8D0F-E50232AAF0BB}"
EndProject
Global
	GlobalSection(SolutionConfigurationPlatforms) = preSolution
		Debug|Any CPU = Debug|Any CPU
		Release|Any CPU = Release|Any CPU
	EndGlobalSection
	GlobalSection(ProjectConfigurationPlatforms) = postSolution
		{93F33F96-55BF-4CC2-9344-407DF342ECA8}.Debug|Any CPU.ActiveCfg = Debug|Any CPU
		{93F33F96-55BF-4CC2-9344-407DF342ECA8}.Debug|Any CPU.Build.0 = Debug|Any CPU
		{93F33F96-55BF-4CC2-9344-407DF342ECA8}.Release|Any CPU.ActiveCfg = Release|Any CPU
		{93F33F96-55BF-4CC2-9344-407DF342ECA8}.Release|Any CPU.Build.0 = Release|Any CPU
		{E004F4C5-DAE4-4CC8-8D0F-E50232AAF0BB}.Debug|Any CPU.ActiveCfg = Debug|Any CPU
		{E004F4C5-DAE4-4CC8-8D0F-E50232AAF0BB}.Debug|Any CPU.Build.0 = Debug|Any CPU
		{E004F4C5-DAE4-4CC8-8D0F-E50232AAF0BB}.Release|Any CPU.ActiveCfg = Release|Any CPU
		{E004F4C5-DAE4-4CC8-8D0F-E50232AAF0BB}.Release|Any CPU.Build.0 = Release|Any CPU
	EndGlobalSection
	GlobalSection(SolutionProperties) = preSolution
		HideSolutionNode = FALSE
	EndGlobalSection
	GlobalSection(ExtensibilityGlobals) = postSolution
		SolutionGuid = {662E9DB9-C0A8-47C0-87FF-8EDDD5407D63}
	EndGlobalSection
EndGlobal
